
Microsoft Visual Studio Solution File, Format Version 12.00
# Visual Studio Version 16
VisualStudioVersion = 16.0.31129.286
MinimumVisualStudioVersion = 10.0.40219.1
Project("{FAE04EC0-301F-11D3-BF4B-00C04F79EFBC}") = "solid-principle", "solid-principle\solid-principle.csproj", "{0530A1A3-262D-4960-B3B3-31B3D8402040}"
EndProject
Global
	GlobalSection(SolutionConfigurationPlatforms) = preSolution
		Debug|Any CPU = Debug|Any CPU
		Release|Any CPU = Release|Any CPU
	EndGlobalSection
	GlobalSection(ProjectConfigurationPlatforms) = postSolution
		{0530A1A3-262D-4960-B3B3-31B3D8402040}.Debug|Any CPU.ActiveCfg = Debug|Any CPU
		{0530A1A3-262D-4960-B3B3-31B3D8402040}.Debug|Any CPU.Build.0 = Debug|Any CPU
		{0530A1A3-262D-4960-B3B3-31B3D8402040}.Release|Any CPU.ActiveCfg = Release|Any CPU
		{0530A1A3-262D-4960-B3B3-31B3D8402040}.Release|Any CPU.Build.0 = Release|Any CPU
	EndGlobalSection
	GlobalSection(SolutionProperties) = preSolution
		HideSolutionNode = FALSE
	EndGlobalSection
	GlobalSection(ExtensibilityGlobals) = postSolution
		SolutionGuid = {926C7DEB-931C-4387-BD3B-1D6BCC3DA977}
	EndGlobalSection
EndGlobal
